
Microsoft Visual Studio Solution File, Format Version 12.00
# Visual Studio 15
VisualStudioVersion = 15.0.26430.6
MinimumVisualStudioVersion = 10.0.40219.1
Project("{FAE04EC0-301F-11D3-BF4B-00C04F79EFBC}") = "HelloMessanger", "HelloMessanger\HelloMessanger.csproj", "{14251AC4-2791-416B-8C8E-88C0766CB381}"
EndProject
Project("{FAE04EC0-301F-11D3-BF4B-00C04F79EFBC}") = "HelloMessanger.Core", "HelloMessanger.Core\HelloMessanger.Core.csproj", "{28CC7BC0-FCB2-4B8B-BD83-92ACF98E18E3}"
EndProject
Global
	GlobalSection(SolutionConfigurationPlatforms) = preSolution
		Debug|Any CPU = Debug|Any CPU
		Release|Any CPU = Release|Any CPU
	EndGlobalSection
	GlobalSection(ProjectConfigurationPlatforms) = postSolution
		{14251AC4-2791-416B-8C8E-88C0766CB381}.Debug|Any CPU.ActiveCfg = Debug|Any CPU
		{14251AC4-2791-416B-8C8E-88C0766CB381}.Debug|Any CPU.Build.0 = Debug|Any CPU
		{14251AC4-2791-416B-8C8E-88C0766CB381}.Release|Any CPU.ActiveCfg = Release|Any CPU
		{14251AC4-2791-416B-8C8E-88C0766CB381}.Release|Any CPU.Build.0 = Release|Any CPU
		{28CC7BC0-FCB2-4B8B-BD83-92ACF98E18E3}.Debug|Any CPU.ActiveCfg = Debug|Any CPU
		{28CC7BC0-FCB2-4B8B-BD83-92ACF98E18E3}.Debug|Any CPU.Build.0 = Debug|Any CPU
		{28CC7BC0-FCB2-4B8B-BD83-92ACF98E18E3}.Release|Any CPU.ActiveCfg = Release|Any CPU
		{28CC7BC0-FCB2-4B8B-BD83-92ACF98E18E3}.Release|Any CPU.Build.0 = Release|Any CPU
	EndGlobalSection
	GlobalSection(SolutionProperties) = preSolution
		HideSolutionNode = FALSE
	EndGlobalSection
EndGlobal
